
Microsoft Visual Studio Solution File, Format Version 12.00
# Visual Studio Version 17
VisualStudioVersion = 17.6.33815.320
MinimumVisualStudioVersion = 10.0.40219.1
Project("{FAE04EC0-301F-11D3-BF4B-00C04F79EFBC}") = "WeeklyCSharpPractive.Core", "WeeklyCSharpPractive.Core\WeeklyCSharpPractive.Core.csproj", "{D87BE4C5-80D0-4AE1-AA9C-761971F10D0E}"
EndProject
Project("{FAE04EC0-301F-11D3-BF4B-00C04F79EFBC}") = "WeeklyCSharpPractice.NUnitTest", "WeeklyCSharpPractice.NUnitTest\WeeklyCSharpPractice.NUnitTest.csproj", "{B818A91A-FE81-4741-8AF2-594F1F39AAB7}"
EndProject
Global
	GlobalSection(SolutionConfigurationPlatforms) = preSolution
		Debug|Any CPU = Debug|Any CPU
		Release|Any CPU = Release|Any CPU
	EndGlobalSection
	GlobalSection(ProjectConfigurationPlatforms) = postSolution
		{D87BE4C5-80D0-4AE1-AA9C-761971F10D0E}.Debug|Any CPU.ActiveCfg = Debug|Any CPU
		{D87BE4C5-80D0-4AE1-AA9C-761971F10D0E}.Debug|Any CPU.Build.0 = Debug|Any CPU
		{D87BE4C5-80D0-4AE1-AA9C-761971F10D0E}.Release|Any CPU.ActiveCfg = Release|Any CPU
		{D87BE4C5-80D0-4AE1-AA9C-761971F10D0E}.Release|Any CPU.Build.0 = Release|Any CPU
		{B818A91A-FE81-4741-8AF2-594F1F39AAB7}.Debug|Any CPU.ActiveCfg = Debug|Any CPU
		{B818A91A-FE81-4741-8AF2-594F1F39AAB7}.Debug|Any CPU.Build.0 = Debug|Any CPU
		{B818A91A-FE81-4741-8AF2-594F1F39AAB7}.Release|Any CPU.ActiveCfg = Release|Any CPU
		{B818A91A-FE81-4741-8AF2-594F1F39AAB7}.Release|Any CPU.Build.0 = Release|Any CPU
	EndGlobalSection
	GlobalSection(SolutionProperties) = preSolution
		HideSolutionNode = FALSE
	EndGlobalSection
	GlobalSection(ExtensibilityGlobals) = postSolution
		SolutionGuid = {28457DC6-617E-40B7-BA54-5EB9BA236D07}
	EndGlobalSection
EndGlobal
